
Microsoft Visual Studio Solution File, Format Version 12.00
# Visual Studio 15
VisualStudioVersion = 15.0.27703.2000
MinimumVisualStudioVersion = 10.0.40219.1
Project("{FAE04EC0-301F-11D3-BF4B-00C04F79EFBC}") = "Projeto007_RotasMVC", "Projeto007_RotasMVC\Projeto007_RotasMVC.csproj", "{9AA4738C-F916-4DD6-A008-C6F4CE98B668}"
EndProject
Global
	GlobalSection(SolutionConfigurationPlatforms) = preSolution
		Debug|Any CPU = Debug|Any CPU
		Release|Any CPU = Release|Any CPU
	EndGlobalSection
	GlobalSection(ProjectConfigurationPlatforms) = postSolution
		{9AA4738C-F916-4DD6-A008-C6F4CE98B668}.Debug|Any CPU.ActiveCfg = Debug|Any CPU
		{9AA4738C-F916-4DD6-A008-C6F4CE98B668}.Debug|Any CPU.Build.0 = Debug|Any CPU
		{9AA4738C-F916-4DD6-A008-C6F4CE98B668}.Release|Any CPU.ActiveCfg = Release|Any CPU
		{9AA4738C-F916-4DD6-A008-C6F4CE98B668}.Release|Any CPU.Build.0 = Release|Any CPU
	EndGlobalSection
	GlobalSection(SolutionProperties) = preSolution
		HideSolutionNode = FALSE
	EndGlobalSection
	GlobalSection(ExtensibilityGlobals) = postSolution
		SolutionGuid = {1EF152C8-6DA6-4429-B807-FA93AAD8D18E}
	EndGlobalSection
EndGlobal
