
Microsoft Visual Studio Solution File, Format Version 12.00
# Visual Studio 15
VisualStudioVersion = 15.0.27703.2000
MinimumVisualStudioVersion = 10.0.40219.1
Project("{FAE04EC0-301F-11D3-BF4B-00C04F79EFBC}") = "Projeto008_BundlesMinification", "Projeto008_BundlesMinification\Projeto008_BundlesMinification.csproj", "{ABD994AC-2910-452D-8833-748B76341874}"
EndProject
Global
	GlobalSection(SolutionConfigurationPlatforms) = preSolution
		Debug|Any CPU = Debug|Any CPU
		Release|Any CPU = Release|Any CPU
	EndGlobalSection
	GlobalSection(ProjectConfigurationPlatforms) = postSolution
		{ABD994AC-2910-452D-8833-748B76341874}.Debug|Any CPU.ActiveCfg = Debug|Any CPU
		{ABD994AC-2910-452D-8833-748B76341874}.Debug|Any CPU.Build.0 = Debug|Any CPU
		{ABD994AC-2910-452D-8833-748B76341874}.Release|Any CPU.ActiveCfg = Release|Any CPU
		{ABD994AC-2910-452D-8833-748B76341874}.Release|Any CPU.Build.0 = Release|Any CPU
	EndGlobalSection
	GlobalSection(SolutionProperties) = preSolution
		HideSolutionNode = FALSE
	EndGlobalSection
	GlobalSection(ExtensibilityGlobals) = postSolution
		SolutionGuid = {ABC63BB2-FCEF-484C-90C7-B61637C45F50}
	EndGlobalSection
EndGlobal
